
Microsoft Visual Studio Solution File, Format Version 12.00
# Visual Studio Version 16
VisualStudioVersion = 16.0.30804.86
MinimumVisualStudioVersion = 10.0.40219.1
Project("{FAE04EC0-301F-11D3-BF4B-00C04F79EFBC}") = "Hotel Manage", "Hotel Manage\Hotel Manage.csproj", "{2155AC34-C9CE-4CE1-A6B8-0AE87B5C87A3}"
EndProject
Global
	GlobalSection(SolutionConfigurationPlatforms) = preSolution
		Debug|Any CPU = Debug|Any CPU
		Release|Any CPU = Release|Any CPU
	EndGlobalSection
	GlobalSection(ProjectConfigurationPlatforms) = postSolution
		{2155AC34-C9CE-4CE1-A6B8-0AE87B5C87A3}.Debug|Any CPU.ActiveCfg = Debug|Any CPU
		{2155AC34-C9CE-4CE1-A6B8-0AE87B5C87A3}.Debug|Any CPU.Build.0 = Debug|Any CPU
		{2155AC34-C9CE-4CE1-A6B8-0AE87B5C87A3}.Release|Any CPU.ActiveCfg = Release|Any CPU
		{2155AC34-C9CE-4CE1-A6B8-0AE87B5C87A3}.Release|Any CPU.Build.0 = Release|Any CPU
	EndGlobalSection
	GlobalSection(SolutionProperties) = preSolution
		HideSolutionNode = FALSE
	EndGlobalSection
	GlobalSection(ExtensibilityGlobals) = postSolution
		SolutionGuid = {61653CAC-9EF3-4F56-AE06-E23BDB863CD8}
	EndGlobalSection
EndGlobal
